
Microsoft Visual Studio Solution File, Format Version 12.00
# Visual Studio Version 17
VisualStudioVersion = 17.6.33829.357
MinimumVisualStudioVersion = 10.0.40219.1
Project("{9A19103F-16F7-4668-BE54-9A1E7A4F7556}") = "Banco", "Banco.csproj", "{EDF049F9-B97E-464A-B76E-4C3EC4FD7CBF}"
EndProject
Global
	GlobalSection(SolutionConfigurationPlatforms) = preSolution
		Debug|Any CPU = Debug|Any CPU
		Release|Any CPU = Release|Any CPU
	EndGlobalSection
	GlobalSection(ProjectConfigurationPlatforms) = postSolution
		{EDF049F9-B97E-464A-B76E-4C3EC4FD7CBF}.Debug|Any CPU.ActiveCfg = Debug|Any CPU
		{EDF049F9-B97E-464A-B76E-4C3EC4FD7CBF}.Debug|Any CPU.Build.0 = Debug|Any CPU
		{EDF049F9-B97E-464A-B76E-4C3EC4FD7CBF}.Release|Any CPU.ActiveCfg = Release|Any CPU
		{EDF049F9-B97E-464A-B76E-4C3EC4FD7CBF}.Release|Any CPU.Build.0 = Release|Any CPU
	EndGlobalSection
	GlobalSection(SolutionProperties) = preSolution
		HideSolutionNode = FALSE
	EndGlobalSection
	GlobalSection(ExtensibilityGlobals) = postSolution
		SolutionGuid = {6785A1B6-54ED-440C-9489-392BA4F2A735}
	EndGlobalSection
EndGlobal
